
Microsoft Visual Studio Solution File, Format Version 12.00
# Visual Studio 15
VisualStudioVersion = 15.0.28307.329
MinimumVisualStudioVersion = 10.0.40219.1
Project("{FAE04EC0-301F-11D3-BF4B-00C04F79EFBC}") = "UI", "UI\UI.csproj", "{8D7CEA98-6024-4C12-A6EC-963E9BCC4821}"
EndProject
Project("{FAE04EC0-301F-11D3-BF4B-00C04F79EFBC}") = "POSSystemLibrary", "POSSystemLibrary\POSSystemLibrary.csproj", "{0F1F728E-252F-46C2-8F22-00BDA7A69B25}"
EndProject
Global
	GlobalSection(SolutionConfigurationPlatforms) = preSolution
		Debug|Any CPU = Debug|Any CPU
		Release|Any CPU = Release|Any CPU
	EndGlobalSection
	GlobalSection(ProjectConfigurationPlatforms) = postSolution
		{8D7CEA98-6024-4C12-A6EC-963E9BCC4821}.Debug|Any CPU.ActiveCfg = Debug|Any CPU
		{8D7CEA98-6024-4C12-A6EC-963E9BCC4821}.Debug|Any CPU.Build.0 = Debug|Any CPU
		{8D7CEA98-6024-4C12-A6EC-963E9BCC4821}.Release|Any CPU.ActiveCfg = Release|Any CPU
		{8D7CEA98-6024-4C12-A6EC-963E9BCC4821}.Release|Any CPU.Build.0 = Release|Any CPU
		{0F1F728E-252F-46C2-8F22-00BDA7A69B25}.Debug|Any CPU.ActiveCfg = Debug|Any CPU
		{0F1F728E-252F-46C2-8F22-00BDA7A69B25}.Debug|Any CPU.Build.0 = Debug|Any CPU
		{0F1F728E-252F-46C2-8F22-00BDA7A69B25}.Release|Any CPU.ActiveCfg = Release|Any CPU
		{0F1F728E-252F-46C2-8F22-00BDA7A69B25}.Release|Any CPU.Build.0 = Release|Any CPU
	EndGlobalSection
	GlobalSection(SolutionProperties) = preSolution
		HideSolutionNode = FALSE
	EndGlobalSection
	GlobalSection(ExtensibilityGlobals) = postSolution
		SolutionGuid = {F2E6E500-0F65-43D7-A8E0-30A8DE50DFA4}
	EndGlobalSection
EndGlobal
